
Microsoft Visual Studio Solution File, Format Version 12.00
# Visual Studio Version 16
VisualStudioVersion = 16.0.29503.13
MinimumVisualStudioVersion = 10.0.40219.1
Project("{FAE04EC0-301F-11D3-BF4B-00C04F79EFBC}") = "Secao3_ListView.Android", "Secao3_ListView.Android\Secao3_ListView.Android.csproj", "{E50CE96A-E6D1-47CF-95DC-0442B7E60A60}"
EndProject
Project("{FAE04EC0-301F-11D3-BF4B-00C04F79EFBC}") = "Secao3_ListView", "Secao3_ListView\Secao3_ListView.csproj", "{CAC5CD46-7FE3-4F6D-A472-174B923D7B1A}"
EndProject
Global
	GlobalSection(SolutionConfigurationPlatforms) = preSolution
		Debug|Any CPU = Debug|Any CPU
		Release|Any CPU = Release|Any CPU
	EndGlobalSection
	GlobalSection(ProjectConfigurationPlatforms) = postSolution
		{E50CE96A-E6D1-47CF-95DC-0442B7E60A60}.Debug|Any CPU.ActiveCfg = Debug|Any CPU
		{E50CE96A-E6D1-47CF-95DC-0442B7E60A60}.Debug|Any CPU.Build.0 = Debug|Any CPU
		{E50CE96A-E6D1-47CF-95DC-0442B7E60A60}.Debug|Any CPU.Deploy.0 = Debug|Any CPU
		{E50CE96A-E6D1-47CF-95DC-0442B7E60A60}.Release|Any CPU.ActiveCfg = Release|Any CPU
		{E50CE96A-E6D1-47CF-95DC-0442B7E60A60}.Release|Any CPU.Build.0 = Release|Any CPU
		{E50CE96A-E6D1-47CF-95DC-0442B7E60A60}.Release|Any CPU.Deploy.0 = Release|Any CPU
		{CAC5CD46-7FE3-4F6D-A472-174B923D7B1A}.Debug|Any CPU.ActiveCfg = Debug|Any CPU
		{CAC5CD46-7FE3-4F6D-A472-174B923D7B1A}.Debug|Any CPU.Build.0 = Debug|Any CPU
		{CAC5CD46-7FE3-4F6D-A472-174B923D7B1A}.Debug|Any CPU.Deploy.0 = Debug|Any CPU
		{CAC5CD46-7FE3-4F6D-A472-174B923D7B1A}.Release|Any CPU.ActiveCfg = Release|Any CPU
		{CAC5CD46-7FE3-4F6D-A472-174B923D7B1A}.Release|Any CPU.Build.0 = Release|Any CPU
		{CAC5CD46-7FE3-4F6D-A472-174B923D7B1A}.Release|Any CPU.Deploy.0 = Release|Any CPU
	EndGlobalSection
	GlobalSection(SolutionProperties) = preSolution
		HideSolutionNode = FALSE
	EndGlobalSection
	GlobalSection(ExtensibilityGlobals) = postSolution
		SolutionGuid = {D6297D04-0D04-43C9-B723-A5267530BA24}
	EndGlobalSection
EndGlobal
